
Microsoft Visual Studio Solution File, Format Version 12.00
# Visual Studio Version 17
VisualStudioVersion = 17.10.35027.167
MinimumVisualStudioVersion = 10.0.40219.1
Project("{FAE04EC0-301F-11D3-BF4B-00C04F79EFBC}") = "değişkenler", "değişkenler\değişkenler.csproj", "{71003A85-FB07-4830-8B31-9C498E6CB339}"
EndProject
Project("{FAE04EC0-301F-11D3-BF4B-00C04F79EFBC}") = "char", "char\char.csproj", "{5E16F077-D99F-4064-93EF-8C3E6C78223C}"
EndProject
Project("{FAE04EC0-301F-11D3-BF4B-00C04F79EFBC}") = "Tamsayilar", "Tamsayilar\Tamsayilar.csproj", "{3833ADA3-2AF8-4938-81AA-A1D071850F57}"
EndProject
Project("{FAE04EC0-301F-11D3-BF4B-00C04F79EFBC}") = "OndalikliSayilar", "OndalikliSayilar\OndalikliSayilar.csproj", "{9B2FE4FD-34B5-45EE-B0CE-502EB1066DD6}"
EndProject
Project("{FAE04EC0-301F-11D3-BF4B-00C04F79EFBC}") = "bool", "bool\bool.csproj", "{A8AA0F3E-448E-4634-A185-29C03917DB73}"
EndProject
Project("{FAE04EC0-301F-11D3-BF4B-00C04F79EFBC}") = "Davraniş", "Davraniş\Davraniş.csproj", "{FD0B0231-AA9F-49FE-AF68-4B995BE178EC}"
EndProject
Project("{FAE04EC0-301F-11D3-BF4B-00C04F79EFBC}") = "Consele", "Consele\Consele.csproj", "{58B0D19F-3922-42B3-BDA3-8DB61F5D707D}"
EndProject
Project("{FAE04EC0-301F-11D3-BF4B-00C04F79EFBC}") = "türdönüs", "türdönüs\türdönüs.csproj", "{3AC2DB0B-2CD1-4DD1-9CE5-9FFDCB1D8F99}"
EndProject
Project("{FAE04EC0-301F-11D3-BF4B-00C04F79EFBC}") = "bilinçsiztür", "bilinçsiztür\bilinçsiztür.csproj", "{08EFA5FC-1DDF-4EE5-953D-E917DC80C737}"
EndProject
Project("{FAE04EC0-301F-11D3-BF4B-00C04F79EFBC}") = "objekt", "objekt\objekt.csproj", "{B9DE0106-7C1E-4EEF-BDC6-C7B21B5DFC59}"
EndProject
Project("{FAE04EC0-301F-11D3-BF4B-00C04F79EFBC}") = "Stringdönüsümü", "Stringdönüsümü\Stringdönüsümü.csproj", "{ED412817-1081-4EA3-B8E8-7C77BB0C7A93}"
EndProject
Project("{FAE04EC0-301F-11D3-BF4B-00C04F79EFBC}") = "var", "var\var.csproj", "{BBB3D248-EFC9-46C5-81A1-9A89C1E13F93}"
EndProject
Project("{FAE04EC0-301F-11D3-BF4B-00C04F79EFBC}") = "alistirma", "alistirma\alistirma.csproj", "{AF2A429C-0FF2-485C-AD72-7D35F265DC4A}"
EndProject
Project("{FAE04EC0-301F-11D3-BF4B-00C04F79EFBC}") = "sorucuklar", "sorucuklar\sorucuklar.csproj", "{BC1FB234-BB89-4306-9ECA-C5547A622BEB}"
EndProject
Project("{FAE04EC0-301F-11D3-BF4B-00C04F79EFBC}") = "AritmatikOperatorler", "AritmatikOperatorler\AritmatikOperatorler.csproj", "{56463664-17E0-41A9-9A8B-4973E2D4BC61}"
EndProject
Project("{FAE04EC0-301F-11D3-BF4B-00C04F79EFBC}") = "karşılaştırmaoperatörleri", "karşılaştırmaoperatörleri\karşılaştırmaoperatörleri.csproj", "{DAF69A32-C573-4EEA-B96F-31A812E5A141}"
EndProject
Project("{FAE04EC0-301F-11D3-BF4B-00C04F79EFBC}") = "aliştıma2", "aliştıma2\aliştıma2.csproj", "{002B814F-CD1B-4435-B761-71322C9269CB}"
EndProject
Project("{FAE04EC0-301F-11D3-BF4B-00C04F79EFBC}") = "ifelse", "ifelse\ifelse.csproj", "{537C6AFC-4645-428F-B26F-533D7527DE3C}"
EndProject
Project("{FAE04EC0-301F-11D3-BF4B-00C04F79EFBC}") = "SwitchCase", "SwitchCase\SwitchCase.csproj", "{9453A6B3-94D9-4C78-9D56-D452EC9B82D4}"
EndProject
Project("{FAE04EC0-301F-11D3-BF4B-00C04F79EFBC}") = "İfElseAlıştırma", "İfElseAlıştırma\İfElseAlıştırma.csproj", "{CF86DD4C-222C-4BDA-BF65-E41630F7437C}"
EndProject
Project("{FAE04EC0-301F-11D3-BF4B-00C04F79EFBC}") = "if else", "if else\if else.csproj", "{E2F448D5-7BBA-4E0E-90CD-34FC898B4C7C}"
EndProject
Project("{FAE04EC0-301F-11D3-BF4B-00C04F79EFBC}") = "alıştırma3", "alıştırma3\alıştırma3.csproj", "{E96C9545-C64B-4804-B336-666419A65F8F}"
EndProject
Project("{FAE04EC0-301F-11D3-BF4B-00C04F79EFBC}") = "aliştirma4", "aliştirma4\aliştirma4.csproj", "{ED39B25C-DF62-4162-AA82-93A6497D47BE}"
EndProject
Project("{FAE04EC0-301F-11D3-BF4B-00C04F79EFBC}") = "fordöngüsü", "fordöngüsü\fordöngüsü.csproj", "{20A98306-D934-4837-AE93-905697995973}"
EndProject
Project("{FAE04EC0-301F-11D3-BF4B-00C04F79EFBC}") = "oreach", "oreach\oreach.csproj", "{E7E405D8-299A-4269-90BA-4B6765100ABF}"
EndProject
Project("{FAE04EC0-301F-11D3-BF4B-00C04F79EFBC}") = "while", "while\while.csproj", "{6EC30F7E-F5E6-46CC-9469-D9647952CBBE}"
EndProject
Project("{FAE04EC0-301F-11D3-BF4B-00C04F79EFBC}") = "dowhile", "dowhile\dowhile.csproj", "{24D62030-294B-4848-B4CA-30B24ABC5063}"
EndProject
Project("{FAE04EC0-301F-11D3-BF4B-00C04F79EFBC}") = "DoWhileÖrnek", "DoWhileÖrnek\DoWhileÖrnek.csproj", "{FD076299-3D31-4774-82F5-1045F0A69047}"
EndProject
Project("{FAE04EC0-301F-11D3-BF4B-00C04F79EFBC}") = "Diziler", "Diziler\Diziler.csproj", "{87DC5F13-AB82-433E-A068-3BCB9EE493CD}"
EndProject
Project("{FAE04EC0-301F-11D3-BF4B-00C04F79EFBC}") = "DizilerAlistirma", "DizilerAlistirma\DizilerAlistirma.csproj", "{E8E50B5B-2094-4FE1-A343-3FDD24389412}"
EndProject
Project("{FAE04EC0-301F-11D3-BF4B-00C04F79EFBC}") = "ArraysAnlatım", "ArraysAnlatım\ArraysAnlatım.csproj", "{48F1450D-1205-4D49-A229-8A172A98E707}"
EndProject
Project("{FAE04EC0-301F-11D3-BF4B-00C04F79EFBC}") = "ArrayListOdev", "ArrayListOdev\ArrayListOdev.csproj", "{C3E53CD5-70CB-48A2-8CD9-FDEC2F4E17A3}"
EndProject
Project("{FAE04EC0-301F-11D3-BF4B-00C04F79EFBC}") = "hashtableÖrnek", "hashtableÖrnek\hashtableÖrnek.csproj", "{5512762E-FFB4-4DCB-B82A-9F6C1F99D775}"
EndProject
Project("{FAE04EC0-301F-11D3-BF4B-00C04F79EFBC}") = "SortedListÖdev", "SortedListÖdev\SortedListÖdev.csproj", "{071776D2-743C-49A3-ACF5-00F4191F04C1}"
EndProject
Project("{FAE04EC0-301F-11D3-BF4B-00C04F79EFBC}") = "stack", "stack\stack.csproj", "{51BE2E78-95F2-479F-9A56-DD30B5DC23DA}"
EndProject
Project("{FAE04EC0-301F-11D3-BF4B-00C04F79EFBC}") = "Queue", "Queue\Queue.csproj", "{0C932BB9-F65B-44E2-BBEB-4C848FAF3257}"
EndProject
Project("{FAE04EC0-301F-11D3-BF4B-00C04F79EFBC}") = "MainMetodu", "MainMetodu\MainMetodu.csproj", "{B8F8BF6A-2E6B-41DC-9CC9-C510CCDDA55A}"
EndProject
Project("{FAE04EC0-301F-11D3-BF4B-00C04F79EFBC}") = "Matematikselİşlemler", "Matematikselİşlemler\Matematikselİşlemler.csproj", "{37F011C1-D7E3-4D29-A450-26BC70114F5A}"
EndProject
Project("{FAE04EC0-301F-11D3-BF4B-00C04F79EFBC}") = "ConsoleApp2", "ConsoleApp2\ConsoleApp2.csproj", "{EB1378F2-C473-485E-BC6F-56F4D8E96508}"
EndProject
Project("{FAE04EC0-301F-11D3-BF4B-00C04F79EFBC}") = "ReOutKullanım", "ReOutKullanım\ReOutKullanım.csproj", "{3E6451A1-6BA0-4EB9-ACF0-0B829884B88A}"
EndProject
Project("{FAE04EC0-301F-11D3-BF4B-00C04F79EFBC}") = "MetodlarıaşırıYükleme", "MetodlarıaşırıYükleme\MetodlarıaşırıYükleme.csproj", "{04444827-982C-4739-8735-946A8C4E7ED6}"
EndProject
Project("{FAE04EC0-301F-11D3-BF4B-00C04F79EFBC}") = "LocalFong", "LocalFong\LocalFong.csproj", "{E9C18059-7EC5-4731-98F0-558E2C625EE8}"
EndProject
Project("{FAE04EC0-301F-11D3-BF4B-00C04F79EFBC}") = "OOPNedir", "OOPNedir\OOPNedir.csproj", "{F18534A3-2773-4936-A952-28763CDE529C}"
EndProject
Project("{FAE04EC0-301F-11D3-BF4B-00C04F79EFBC}") = "OOP2Kapsülleme", "OOP2Kapsülleme\OOP2Kapsülleme.csproj", "{78E14C47-6CF2-4E23-9401-DCDF471814C3}"
EndProject
Project("{FAE04EC0-301F-11D3-BF4B-00C04F79EFBC}") = "StaticNedir", "StaticNedir\StaticNedir.csproj", "{11384776-CE75-4F6A-B213-B5BF7D82583C}"
EndProject
Project("{FAE04EC0-301F-11D3-BF4B-00C04F79EFBC}") = "Personel", "Personel\Personel.csproj", "{4CCE2C53-B995-413F-AA5D-7E3B10128B7C}"
EndProject
Project("{FAE04EC0-301F-11D3-BF4B-00C04F79EFBC}") = "Ödev", "Ödev\Ödev.csproj", "{7F746CF9-1557-453A-A425-80DCBB6565D5}"
EndProject
Project("{FAE04EC0-301F-11D3-BF4B-00C04F79EFBC}") = "Galeri", "Galeri\Galeri.csproj", "{A7811B15-BCC6-4875-AEC7-B5B4C803BF8D}"
EndProject
Project("{FAE04EC0-301F-11D3-BF4B-00C04F79EFBC}") = "sd", "sd\sd.csproj", "{3B8C6406-80FD-4069-9F38-74B1A18B74A3}"
EndProject
Project("{FAE04EC0-301F-11D3-BF4B-00C04F79EFBC}") = "static bölümsonu", "static bölümsonu\static bölümsonu.csproj", "{67872B80-6234-4E3B-8B44-70E2B5947336}"
EndProject
Project("{FAE04EC0-301F-11D3-BF4B-00C04F79EFBC}") = "innerTypeKavramı", "innerTypeKavramı\innerTypeKavramı.csproj", "{DE134025-8337-454F-AD71-58DAF627B865}"
EndProject
Project("{FAE04EC0-301F-11D3-BF4B-00C04F79EFBC}") = "OOPKalıtım", "OOPKalıtım\OOPKalıtım.csproj", "{9B34646D-A8A5-4931-B020-6264015D6B28}"
EndProject
Project("{FAE04EC0-301F-11D3-BF4B-00C04F79EFBC}") = "kalıtımöd", "kalıtımöd\kalıtımöd.csproj", "{37031552-C48A-4737-A9B2-6EDC6A898A20}"
EndProject
Project("{FAE04EC0-301F-11D3-BF4B-00C04F79EFBC}") = "SanalMetod", "SanalMetod\SanalMetod.csproj", "{417706DE-8BF6-43BC-B027-DF173A09CF94}"
EndProject
Project("{FAE04EC0-301F-11D3-BF4B-00C04F79EFBC}") = "SanalMetott2", "SanalMetott2\SanalMetott2.csproj", "{68BB507A-09D7-4CE1-9E56-A735BA14C42F}"
EndProject
Project("{FAE04EC0-301F-11D3-BF4B-00C04F79EFBC}") = "absyactnedir", "absyactnedir\absyactnedir.csproj", "{7FE24F99-8804-4E37-9A10-0FDC132AAA44}"
EndProject
Project("{FAE04EC0-301F-11D3-BF4B-00C04F79EFBC}") = "interfacenedir", "interfacenedir\interfacenedir.csproj", "{60E32C62-B072-4BD5-A401-3398458C608E}"
EndProject
Project("{FAE04EC0-301F-11D3-BF4B-00C04F79EFBC}") = "ParticalClass", "ParticalClass\ParticalClass.csproj", "{1242AAF2-F8DF-4CDE-A4B9-F81343F98DB9}"
EndProject
Project("{FAE04EC0-301F-11D3-BF4B-00C04F79EFBC}") = "enumneir", "enumneir\enumneir.csproj", "{5E4062BC-D86F-4FEC-9838-F416778AAC7E}"
EndProject
Project("{FAE04EC0-301F-11D3-BF4B-00C04F79EFBC}") = "Islemler", "Islemler\Islemler.csproj", "{BED9AC89-37BA-416A-A20E-A4A6E4AAB31D}"
EndProject
Project("{FAE04EC0-301F-11D3-BF4B-00C04F79EFBC}") = "ListGeneric", "ListGeneric\ListGeneric.csproj", "{CA4420E4-0CA0-4158-88BF-1C9E6DC1974D}"
EndProject
Project("{FAE04EC0-301F-11D3-BF4B-00C04F79EFBC}") = "genericinceleme", "genericinceleme\genericinceleme.csproj", "{76547001-B510-435F-927D-5D97C98028F0}"
EndProject
Project("{FAE04EC0-301F-11D3-BF4B-00C04F79EFBC}") = "SortedListKoleksiyon", "SortedListKoleksiyon\SortedListKoleksiyon.csproj", "{9C0FE3B2-27C8-4EED-8C5C-BC487E865233}"
EndProject
Project("{FAE04EC0-301F-11D3-BF4B-00C04F79EFBC}") = "genericClassNedir", "genericClassNedir\genericClassNedir.csproj", "{5EE825FD-4082-496F-8622-C8B01A513D05}"
EndProject
Project("{FAE04EC0-301F-11D3-BF4B-00C04F79EFBC}") = "genericClassnedir_1", "genericClassnedir_1\genericClassnedir_1.csproj", "{6C7B2053-BCEE-434B-80ED-18F1000491A8}"
EndProject
Project("{FAE04EC0-301F-11D3-BF4B-00C04F79EFBC}") = "WindowsFormsNedir", "WindowsFormsNedir\WindowsFormsNedir.csproj", "{8426E4BC-C638-4730-9805-D869EF8BA9CC}"
EndProject
Project("{FAE04EC0-301F-11D3-BF4B-00C04F79EFBC}") = "KullaniciGirişUygulama", "KullaniciGirişUygulama\KullaniciGirişUygulama.csproj", "{BE72EA42-55AB-435E-B69B-4A084886DA74}"
EndProject
Project("{FAE04EC0-301F-11D3-BF4B-00C04F79EFBC}") = "MesageBox", "MesageBox\MesageBox.csproj", "{4BD36FE2-82D3-4F5C-86D5-CC6B78AE5DF6}"
EndProject
Project("{FAE04EC0-301F-11D3-BF4B-00C04F79EFBC}") = "MesageBoxUygulama", "MesageBoxUygulama\MesageBoxUygulama.csproj", "{73FBA64D-9019-4A6B-A5AE-4FEC2D102191}"
EndProject
Project("{FAE04EC0-301F-11D3-BF4B-00C04F79EFBC}") = "ModelModelLess", "ModelModelLess\ModelModelLess.csproj", "{9D40332F-6860-4B55-B92A-5B9BDBD22E3E}"
EndProject
Project("{FAE04EC0-301F-11D3-BF4B-00C04F79EFBC}") = "FormKontrolleriİnceleme", "FormKontrolleriİnceleme\FormKontrolleriİnceleme.csproj", "{16668F7E-461D-447C-8D1D-E6C533E48663}"
EndProject
Project("{FAE04EC0-301F-11D3-BF4B-00C04F79EFBC}") = "DinamikForm", "DinamikForm\DinamikForm.csproj", "{1B55D98D-D5ED-47F6-8B47-564E24AF9545}"
EndProject
Project("{FAE04EC0-301F-11D3-BF4B-00C04F79EFBC}") = "ComboBoxİneleme", "ComboBoxİneleme\ComboBoxİneleme.csproj", "{7DA94338-02F0-4380-98F1-AC1216F2031F}"
EndProject
Global
	GlobalSection(SolutionConfigurationPlatforms) = preSolution
		Debug|Any CPU = Debug|Any CPU
		Release|Any CPU = Release|Any CPU
	EndGlobalSection
	GlobalSection(ProjectConfigurationPlatforms) = postSolution
		{71003A85-FB07-4830-8B31-9C498E6CB339}.Debug|Any CPU.ActiveCfg = Debug|Any CPU
		{71003A85-FB07-4830-8B31-9C498E6CB339}.Debug|Any CPU.Build.0 = Debug|Any CPU
		{71003A85-FB07-4830-8B31-9C498E6CB339}.Release|Any CPU.ActiveCfg = Release|Any CPU
		{71003A85-FB07-4830-8B31-9C498E6CB339}.Release|Any CPU.Build.0 = Release|Any CPU
		{5E16F077-D99F-4064-93EF-8C3E6C78223C}.Debug|Any CPU.ActiveCfg = Debug|Any CPU
		{5E16F077-D99F-4064-93EF-8C3E6C78223C}.Debug|Any CPU.Build.0 = Debug|Any CPU
		{5E16F077-D99F-4064-93EF-8C3E6C78223C}.Release|Any CPU.ActiveCfg = Release|Any CPU
		{5E16F077-D99F-4064-93EF-8C3E6C78223C}.Release|Any CPU.Build.0 = Release|Any CPU
		{3833ADA3-2AF8-4938-81AA-A1D071850F57}.Debug|Any CPU.ActiveCfg = Debug|Any CPU
		{3833ADA3-2AF8-4938-81AA-A1D071850F57}.Debug|Any CPU.Build.0 = Debug|Any CPU
		{3833ADA3-2AF8-4938-81AA-A1D071850F57}.Release|Any CPU.ActiveCfg = Release|Any CPU
		{3833ADA3-2AF8-4938-81AA-A1D071850F57}.Release|Any CPU.Build.0 = Release|Any CPU
		{9B2FE4FD-34B5-45EE-B0CE-502EB1066DD6}.Debug|Any CPU.ActiveCfg = Debug|Any CPU
		{9B2FE4FD-34B5-45EE-B0CE-502EB1066DD6}.Debug|Any CPU.Build.0 = Debug|Any CPU
		{9B2FE4FD-34B5-45EE-B0CE-502EB1066DD6}.Release|Any CPU.ActiveCfg = Release|Any CPU
		{9B2FE4FD-34B5-45EE-B0CE-502EB1066DD6}.Release|Any CPU.Build.0 = Release|Any CPU
		{A8AA0F3E-448E-4634-A185-29C03917DB73}.Debug|Any CPU.ActiveCfg = Debug|Any CPU
		{A8AA0F3E-448E-4634-A185-29C03917DB73}.Debug|Any CPU.Build.0 = Debug|Any CPU
		{A8AA0F3E-448E-4634-A185-29C03917DB73}.Release|Any CPU.ActiveCfg = Release|Any CPU
		{A8AA0F3E-448E-4634-A185-29C03917DB73}.Release|Any CPU.Build.0 = Release|Any CPU
		{FD0B0231-AA9F-49FE-AF68-4B995BE178EC}.Debug|Any CPU.ActiveCfg = Debug|Any CPU
		{FD0B0231-AA9F-49FE-AF68-4B995BE178EC}.Debug|Any CPU.Build.0 = Debug|Any CPU
		{FD0B0231-AA9F-49FE-AF68-4B995BE178EC}.Release|Any CPU.ActiveCfg = Release|Any CPU
		{FD0B0231-AA9F-49FE-AF68-4B995BE178EC}.Release|Any CPU.Build.0 = Release|Any CPU
		{58B0D19F-3922-42B3-BDA3-8DB61F5D707D}.Debug|Any CPU.ActiveCfg = Debug|Any CPU
		{58B0D19F-3922-42B3-BDA3-8DB61F5D707D}.Debug|Any CPU.Build.0 = Debug|Any CPU
		{58B0D19F-3922-42B3-BDA3-8DB61F5D707D}.Release|Any CPU.ActiveCfg = Release|Any CPU
		{58B0D19F-3922-42B3-BDA3-8DB61F5D707D}.Release|Any CPU.Build.0 = Release|Any CPU
		{3AC2DB0B-2CD1-4DD1-9CE5-9FFDCB1D8F99}.Debug|Any CPU.ActiveCfg = Debug|Any CPU
		{3AC2DB0B-2CD1-4DD1-9CE5-9FFDCB1D8F99}.Debug|Any CPU.Build.0 = Debug|Any CPU
		{3AC2DB0B-2CD1-4DD1-9CE5-9FFDCB1D8F99}.Release|Any CPU.ActiveCfg = Release|Any CPU
		{3AC2DB0B-2CD1-4DD1-9CE5-9FFDCB1D8F99}.Release|Any CPU.Build.0 = Release|Any CPU
		{08EFA5FC-1DDF-4EE5-953D-E917DC80C737}.Debug|Any CPU.ActiveCfg = Debug|Any CPU
		{08EFA5FC-1DDF-4EE5-953D-E917DC80C737}.Debug|Any CPU.Build.0 = Debug|Any CPU
		{08EFA5FC-1DDF-4EE5-953D-E917DC80C737}.Release|Any CPU.ActiveCfg = Release|Any CPU
		{08EFA5FC-1DDF-4EE5-953D-E917DC80C737}.Release|Any CPU.Build.0 = Release|Any CPU
		{B9DE0106-7C1E-4EEF-BDC6-C7B21B5DFC59}.Debug|Any CPU.ActiveCfg = Debug|Any CPU
		{B9DE0106-7C1E-4EEF-BDC6-C7B21B5DFC59}.Debug|Any CPU.Build.0 = Debug|Any CPU
		{B9DE0106-7C1E-4EEF-BDC6-C7B21B5DFC59}.Release|Any CPU.ActiveCfg = Release|Any CPU
		{B9DE0106-7C1E-4EEF-BDC6-C7B21B5DFC59}.Release|Any CPU.Build.0 = Release|Any CPU
		{ED412817-1081-4EA3-B8E8-7C77BB0C7A93}.Debug|Any CPU.ActiveCfg = Debug|Any CPU
		{ED412817-1081-4EA3-B8E8-7C77BB0C7A93}.Debug|Any CPU.Build.0 = Debug|Any CPU
		{ED412817-1081-4EA3-B8E8-7C77BB0C7A93}.Release|Any CPU.ActiveCfg = Release|Any CPU
		{ED412817-1081-4EA3-B8E8-7C77BB0C7A93}.Release|Any CPU.Build.0 = Release|Any CPU
		{BBB3D248-EFC9-46C5-81A1-9A89C1E13F93}.Debug|Any CPU.ActiveCfg = Debug|Any CPU
		{BBB3D248-EFC9-46C5-81A1-9A89C1E13F93}.Debug|Any CPU.Build.0 = Debug|Any CPU
		{BBB3D248-EFC9-46C5-81A1-9A89C1E13F93}.Release|Any CPU.ActiveCfg = Release|Any CPU
		{BBB3D248-EFC9-46C5-81A1-9A89C1E13F93}.Release|Any CPU.Build.0 = Release|Any CPU
		{AF2A429C-0FF2-485C-AD72-7D35F265DC4A}.Debug|Any CPU.ActiveCfg = Debug|Any CPU
		{AF2A429C-0FF2-485C-AD72-7D35F265DC4A}.Debug|Any CPU.Build.0 = Debug|Any CPU
		{AF2A429C-0FF2-485C-AD72-7D35F265DC4A}.Release|Any CPU.ActiveCfg = Release|Any CPU
		{AF2A429C-0FF2-485C-AD72-7D35F265DC4A}.Release|Any CPU.Build.0 = Release|Any CPU
		{BC1FB234-BB89-4306-9ECA-C5547A622BEB}.Debug|Any CPU.ActiveCfg = Debug|Any CPU
		{BC1FB234-BB89-4306-9ECA-C5547A622BEB}.Debug|Any CPU.Build.0 = Debug|Any CPU
		{BC1FB234-BB89-4306-9ECA-C5547A622BEB}.Release|Any CPU.ActiveCfg = Release|Any CPU
		{BC1FB234-BB89-4306-9ECA-C5547A622BEB}.Release|Any CPU.Build.0 = Release|Any CPU
		{56463664-17E0-41A9-9A8B-4973E2D4BC61}.Debug|Any CPU.ActiveCfg = Debug|Any CPU
		{56463664-17E0-41A9-9A8B-4973E2D4BC61}.Debug|Any CPU.Build.0 = Debug|Any CPU
		{56463664-17E0-41A9-9A8B-4973E2D4BC61}.Release|Any CPU.ActiveCfg = Release|Any CPU
		{56463664-17E0-41A9-9A8B-4973E2D4BC61}.Release|Any CPU.Build.0 = Release|Any CPU
		{DAF69A32-C573-4EEA-B96F-31A812E5A141}.Debug|Any CPU.ActiveCfg = Debug|Any CPU
		{DAF69A32-C573-4EEA-B96F-31A812E5A141}.Debug|Any CPU.Build.0 = Debug|Any CPU
		{DAF69A32-C573-4EEA-B96F-31A812E5A141}.Release|Any CPU.ActiveCfg = Release|Any CPU
		{DAF69A32-C573-4EEA-B96F-31A812E5A141}.Release|Any CPU.Build.0 = Release|Any CPU
		{002B814F-CD1B-4435-B761-71322C9269CB}.Debug|Any CPU.ActiveCfg = Debug|Any CPU
		{002B814F-CD1B-4435-B761-71322C9269CB}.Debug|Any CPU.Build.0 = Debug|Any CPU
		{002B814F-CD1B-4435-B761-71322C9269CB}.Release|Any CPU.ActiveCfg = Release|Any CPU
		{002B814F-CD1B-4435-B761-71322C9269CB}.Release|Any CPU.Build.0 = Release|Any CPU
		{537C6AFC-4645-428F-B26F-533D7527DE3C}.Debug|Any CPU.ActiveCfg = Debug|Any CPU
		{537C6AFC-4645-428F-B26F-533D7527DE3C}.Debug|Any CPU.Build.0 = Debug|Any CPU
		{537C6AFC-4645-428F-B26F-533D7527DE3C}.Release|Any CPU.ActiveCfg = Release|Any CPU
		{537C6AFC-4645-428F-B26F-533D7527DE3C}.Release|Any CPU.Build.0 = Release|Any CPU
		{9453A6B3-94D9-4C78-9D56-D452EC9B82D4}.Debug|Any CPU.ActiveCfg = Debug|Any CPU
		{9453A6B3-94D9-4C78-9D56-D452EC9B82D4}.Debug|Any CPU.Build.0 = Debug|Any CPU
		{9453A6B3-94D9-4C78-9D56-D452EC9B82D4}.Release|Any CPU.ActiveCfg = Release|Any CPU
		{9453A6B3-94D9-4C78-9D56-D452EC9B82D4}.Release|Any CPU.Build.0 = Release|Any CPU
		{CF86DD4C-222C-4BDA-BF65-E41630F7437C}.Debug|Any CPU.ActiveCfg = Debug|Any CPU
		{CF86DD4C-222C-4BDA-BF65-E41630F7437C}.Debug|Any CPU.Build.0 = Debug|Any CPU
		{CF86DD4C-222C-4BDA-BF65-E41630F7437C}.Release|Any CPU.ActiveCfg = Release|Any CPU
		{CF86DD4C-222C-4BDA-BF65-E41630F7437C}.Release|Any CPU.Build.0 = Release|Any CPU
		{E2F448D5-7BBA-4E0E-90CD-34FC898B4C7C}.Debug|Any CPU.ActiveCfg = Debug|Any CPU
		{E2F448D5-7BBA-4E0E-90CD-34FC898B4C7C}.Debug|Any CPU.Build.0 = Debug|Any CPU
		{E2F448D5-7BBA-4E0E-90CD-34FC898B4C7C}.Release|Any CPU.ActiveCfg = Release|Any CPU
		{E2F448D5-7BBA-4E0E-90CD-34FC898B4C7C}.Release|Any CPU.Build.0 = Release|Any CPU
		{E96C9545-C64B-4804-B336-666419A65F8F}.Debug|Any CPU.ActiveCfg = Debug|Any CPU
		{E96C9545-C64B-4804-B336-666419A65F8F}.Debug|Any CPU.Build.0 = Debug|Any CPU
		{E96C9545-C64B-4804-B336-666419A65F8F}.Release|Any CPU.ActiveCfg = Release|Any CPU
		{E96C9545-C64B-4804-B336-666419A65F8F}.Release|Any CPU.Build.0 = Release|Any CPU
		{ED39B25C-DF62-4162-AA82-93A6497D47BE}.Debug|Any CPU.ActiveCfg = Debug|Any CPU
		{ED39B25C-DF62-4162-AA82-93A6497D47BE}.Debug|Any CPU.Build.0 = Debug|Any CPU
		{ED39B25C-DF62-4162-AA82-93A6497D47BE}.Release|Any CPU.ActiveCfg = Release|Any CPU
		{ED39B25C-DF62-4162-AA82-93A6497D47BE}.Release|Any CPU.Build.0 = Release|Any CPU
		{20A98306-D934-4837-AE93-905697995973}.Debug|Any CPU.ActiveCfg = Debug|Any CPU
		{20A98306-D934-4837-AE93-905697995973}.Debug|Any CPU.Build.0 = Debug|Any CPU
		{20A98306-D934-4837-AE93-905697995973}.Release|Any CPU.ActiveCfg = Release|Any CPU
		{20A98306-D934-4837-AE93-905697995973}.Release|Any CPU.Build.0 = Release|Any CPU
		{E7E405D8-299A-4269-90BA-4B6765100ABF}.Debug|Any CPU.ActiveCfg = Debug|Any CPU
		{E7E405D8-299A-4269-90BA-4B6765100ABF}.Debug|Any CPU.Build.0 = Debug|Any CPU
		{E7E405D8-299A-4269-90BA-4B6765100ABF}.Release|Any CPU.ActiveCfg = Release|Any CPU
		{E7E405D8-299A-4269-90BA-4B6765100ABF}.Release|Any CPU.Build.0 = Release|Any CPU
		{6EC30F7E-F5E6-46CC-9469-D9647952CBBE}.Debug|Any CPU.ActiveCfg = Debug|Any CPU
		{6EC30F7E-F5E6-46CC-9469-D9647952CBBE}.Debug|Any CPU.Build.0 = Debug|Any CPU
		{6EC30F7E-F5E6-46CC-9469-D9647952CBBE}.Release|Any CPU.ActiveCfg = Release|Any CPU
		{6EC30F7E-F5E6-46CC-9469-D9647952CBBE}.Release|Any CPU.Build.0 = Release|Any CPU
		{24D62030-294B-4848-B4CA-30B24ABC5063}.Debug|Any CPU.ActiveCfg = Debug|Any CPU
		{24D62030-294B-4848-B4CA-30B24ABC5063}.Debug|Any CPU.Build.0 = Debug|Any CPU
		{24D62030-294B-4848-B4CA-30B24ABC5063}.Release|Any CPU.ActiveCfg = Release|Any CPU
		{24D62030-294B-4848-B4CA-30B24ABC5063}.Release|Any CPU.Build.0 = Release|Any CPU
		{FD076299-3D31-4774-82F5-1045F0A69047}.Debug|Any CPU.ActiveCfg = Debug|Any CPU
		{FD076299-3D31-4774-82F5-1045F0A69047}.Debug|Any CPU.Build.0 = Debug|Any CPU
		{FD076299-3D31-4774-82F5-1045F0A69047}.Release|Any CPU.ActiveCfg = Release|Any CPU
		{FD076299-3D31-4774-82F5-1045F0A69047}.Release|Any CPU.Build.0 = Release|Any CPU
		{87DC5F13-AB82-433E-A068-3BCB9EE493CD}.Debug|Any CPU.ActiveCfg = Debug|Any CPU
		{87DC5F13-AB82-433E-A068-3BCB9EE493CD}.Debug|Any CPU.Build.0 = Debug|Any CPU
		{87DC5F13-AB82-433E-A068-3BCB9EE493CD}.Release|Any CPU.ActiveCfg = Release|Any CPU
		{87DC5F13-AB82-433E-A068-3BCB9EE493CD}.Release|Any CPU.Build.0 = Release|Any CPU
		{E8E50B5B-2094-4FE1-A343-3FDD24389412}.Debug|Any CPU.ActiveCfg = Debug|Any CPU
		{E8E50B5B-2094-4FE1-A343-3FDD24389412}.Debug|Any CPU.Build.0 = Debug|Any CPU
		{E8E50B5B-2094-4FE1-A343-3FDD24389412}.Release|Any CPU.ActiveCfg = Release|Any CPU
		{E8E50B5B-2094-4FE1-A343-3FDD24389412}.Release|Any CPU.Build.0 = Release|Any CPU
		{48F1450D-1205-4D49-A229-8A172A98E707}.Debug|Any CPU.ActiveCfg = Debug|Any CPU
		{48F1450D-1205-4D49-A229-8A172A98E707}.Debug|Any CPU.Build.0 = Debug|Any CPU
		{48F1450D-1205-4D49-A229-8A172A98E707}.Release|Any CPU.ActiveCfg = Release|Any CPU
		{48F1450D-1205-4D49-A229-8A172A98E707}.Release|Any CPU.Build.0 = Release|Any CPU
		{C3E53CD5-70CB-48A2-8CD9-FDEC2F4E17A3}.Debug|Any CPU.ActiveCfg = Debug|Any CPU
		{C3E53CD5-70CB-48A2-8CD9-FDEC2F4E17A3}.Debug|Any CPU.Build.0 = Debug|Any CPU
		{C3E53CD5-70CB-48A2-8CD9-FDEC2F4E17A3}.Release|Any CPU.ActiveCfg = Release|Any CPU
		{C3E53CD5-70CB-48A2-8CD9-FDEC2F4E17A3}.Release|Any CPU.Build.0 = Release|Any CPU
		{5512762E-FFB4-4DCB-B82A-9F6C1F99D775}.Debug|Any CPU.ActiveCfg = Debug|Any CPU
		{5512762E-FFB4-4DCB-B82A-9F6C1F99D775}.Debug|Any CPU.Build.0 = Debug|Any CPU
		{5512762E-FFB4-4DCB-B82A-9F6C1F99D775}.Release|Any CPU.ActiveCfg = Release|Any CPU
		{5512762E-FFB4-4DCB-B82A-9F6C1F99D775}.Release|Any CPU.Build.0 = Release|Any CPU
		{071776D2-743C-49A3-ACF5-00F4191F04C1}.Debug|Any CPU.ActiveCfg = Debug|Any CPU
		{071776D2-743C-49A3-ACF5-00F4191F04C1}.Debug|Any CPU.Build.0 = Debug|Any CPU
		{071776D2-743C-49A3-ACF5-00F4191F04C1}.Release|Any CPU.ActiveCfg = Release|Any CPU
		{071776D2-743C-49A3-ACF5-00F4191F04C1}.Release|Any CPU.Build.0 = Release|Any CPU
		{51BE2E78-95F2-479F-9A56-DD30B5DC23DA}.Debug|Any CPU.ActiveCfg = Debug|Any CPU
		{51BE2E78-95F2-479F-9A56-DD30B5DC23DA}.Debug|Any CPU.Build.0 = Debug|Any CPU
		{51BE2E78-95F2-479F-9A56-DD30B5DC23DA}.Release|Any CPU.ActiveCfg = Release|Any CPU
		{51BE2E78-95F2-479F-9A56-DD30B5DC23DA}.Release|Any CPU.Build.0 = Release|Any CPU
		{0C932BB9-F65B-44E2-BBEB-4C848FAF3257}.Debug|Any CPU.ActiveCfg = Debug|Any CPU
		{0C932BB9-F65B-44E2-BBEB-4C848FAF3257}.Debug|Any CPU.Build.0 = Debug|Any CPU
		{0C932BB9-F65B-44E2-BBEB-4C848FAF3257}.Release|Any CPU.ActiveCfg = Release|Any CPU
		{0C932BB9-F65B-44E2-BBEB-4C848FAF3257}.Release|Any CPU.Build.0 = Release|Any CPU
		{B8F8BF6A-2E6B-41DC-9CC9-C510CCDDA55A}.Debug|Any CPU.ActiveCfg = Debug|Any CPU
		{B8F8BF6A-2E6B-41DC-9CC9-C510CCDDA55A}.Debug|Any CPU.Build.0 = Debug|Any CPU
		{B8F8BF6A-2E6B-41DC-9CC9-C510CCDDA55A}.Release|Any CPU.ActiveCfg = Release|Any CPU
		{B8F8BF6A-2E6B-41DC-9CC9-C510CCDDA55A}.Release|Any CPU.Build.0 = Release|Any CPU
		{37F011C1-D7E3-4D29-A450-26BC70114F5A}.Debug|Any CPU.ActiveCfg = Debug|Any CPU
		{37F011C1-D7E3-4D29-A450-26BC70114F5A}.Debug|Any CPU.Build.0 = Debug|Any CPU
		{37F011C1-D7E3-4D29-A450-26BC70114F5A}.Release|Any CPU.ActiveCfg = Release|Any CPU
		{37F011C1-D7E3-4D29-A450-26BC70114F5A}.Release|Any CPU.Build.0 = Release|Any CPU
		{EB1378F2-C473-485E-BC6F-56F4D8E96508}.Debug|Any CPU.ActiveCfg = Debug|Any CPU
		{EB1378F2-C473-485E-BC6F-56F4D8E96508}.Debug|Any CPU.Build.0 = Debug|Any CPU
		{EB1378F2-C473-485E-BC6F-56F4D8E96508}.Release|Any CPU.ActiveCfg = Release|Any CPU
		{EB1378F2-C473-485E-BC6F-56F4D8E96508}.Release|Any CPU.Build.0 = Release|Any CPU
		{3E6451A1-6BA0-4EB9-ACF0-0B829884B88A}.Debug|Any CPU.ActiveCfg = Debug|Any CPU
		{3E6451A1-6BA0-4EB9-ACF0-0B829884B88A}.Debug|Any CPU.Build.0 = Debug|Any CPU
		{3E6451A1-6BA0-4EB9-ACF0-0B829884B88A}.Release|Any CPU.ActiveCfg = Release|Any CPU
		{3E6451A1-6BA0-4EB9-ACF0-0B829884B88A}.Release|Any CPU.Build.0 = Release|Any CPU
		{04444827-982C-4739-8735-946A8C4E7ED6}.Debug|Any CPU.ActiveCfg = Debug|Any CPU
		{04444827-982C-4739-8735-946A8C4E7ED6}.Debug|Any CPU.Build.0 = Debug|Any CPU
		{04444827-982C-4739-8735-946A8C4E7ED6}.Release|Any CPU.ActiveCfg = Release|Any CPU
		{04444827-982C-4739-8735-946A8C4E7ED6}.Release|Any CPU.Build.0 = Release|Any CPU
		{E9C18059-7EC5-4731-98F0-558E2C625EE8}.Debug|Any CPU.ActiveCfg = Debug|Any CPU
		{E9C18059-7EC5-4731-98F0-558E2C625EE8}.Debug|Any CPU.Build.0 = Debug|Any CPU
		{E9C18059-7EC5-4731-98F0-558E2C625EE8}.Release|Any CPU.ActiveCfg = Release|Any CPU
		{E9C18059-7EC5-4731-98F0-558E2C625EE8}.Release|Any CPU.Build.0 = Release|Any CPU
		{F18534A3-2773-4936-A952-28763CDE529C}.Debug|Any CPU.ActiveCfg = Debug|Any CPU
		{F18534A3-2773-4936-A952-28763CDE529C}.Debug|Any CPU.Build.0 = Debug|Any CPU
		{F18534A3-2773-4936-A952-28763CDE529C}.Release|Any CPU.ActiveCfg = Release|Any CPU
		{F18534A3-2773-4936-A952-28763CDE529C}.Release|Any CPU.Build.0 = Release|Any CPU
		{78E14C47-6CF2-4E23-9401-DCDF471814C3}.Debug|Any CPU.ActiveCfg = Debug|Any CPU
		{78E14C47-6CF2-4E23-9401-DCDF471814C3}.Debug|Any CPU.Build.0 = Debug|Any CPU
		{78E14C47-6CF2-4E23-9401-DCDF471814C3}.Release|Any CPU.ActiveCfg = Release|Any CPU
		{78E14C47-6CF2-4E23-9401-DCDF471814C3}.Release|Any CPU.Build.0 = Release|Any CPU
		{11384776-CE75-4F6A-B213-B5BF7D82583C}.Debug|Any CPU.ActiveCfg = Debug|Any CPU
		{11384776-CE75-4F6A-B213-B5BF7D82583C}.Debug|Any CPU.Build.0 = Debug|Any CPU
		{11384776-CE75-4F6A-B213-B5BF7D82583C}.Release|Any CPU.ActiveCfg = Release|Any CPU
		{11384776-CE75-4F6A-B213-B5BF7D82583C}.Release|Any CPU.Build.0 = Release|Any CPU
		{4CCE2C53-B995-413F-AA5D-7E3B10128B7C}.Debug|Any CPU.ActiveCfg = Debug|Any CPU
		{4CCE2C53-B995-413F-AA5D-7E3B10128B7C}.Debug|Any CPU.Build.0 = Debug|Any CPU
		{4CCE2C53-B995-413F-AA5D-7E3B10128B7C}.Release|Any CPU.ActiveCfg = Release|Any CPU
		{4CCE2C53-B995-413F-AA5D-7E3B10128B7C}.Release|Any CPU.Build.0 = Release|Any CPU
		{7F746CF9-1557-453A-A425-80DCBB6565D5}.Debug|Any CPU.ActiveCfg = Debug|Any CPU
		{7F746CF9-1557-453A-A425-80DCBB6565D5}.Debug|Any CPU.Build.0 = Debug|Any CPU
		{7F746CF9-1557-453A-A425-80DCBB6565D5}.Release|Any CPU.ActiveCfg = Release|Any CPU
		{7F746CF9-1557-453A-A425-80DCBB6565D5}.Release|Any CPU.Build.0 = Release|Any CPU
		{A7811B15-BCC6-4875-AEC7-B5B4C803BF8D}.Debug|Any CPU.ActiveCfg = Debug|Any CPU
		{A7811B15-BCC6-4875-AEC7-B5B4C803BF8D}.Debug|Any CPU.Build.0 = Debug|Any CPU
		{A7811B15-BCC6-4875-AEC7-B5B4C803BF8D}.Release|Any CPU.ActiveCfg = Release|Any CPU
		{A7811B15-BCC6-4875-AEC7-B5B4C803BF8D}.Release|Any CPU.Build.0 = Release|Any CPU
		{3B8C6406-80FD-4069-9F38-74B1A18B74A3}.Debug|Any CPU.ActiveCfg = Debug|Any CPU
		{3B8C6406-80FD-4069-9F38-74B1A18B74A3}.Debug|Any CPU.Build.0 = Debug|Any CPU
		{3B8C6406-80FD-4069-9F38-74B1A18B74A3}.Release|Any CPU.ActiveCfg = Release|Any CPU
		{3B8C6406-80FD-4069-9F38-74B1A18B74A3}.Release|Any CPU.Build.0 = Release|Any CPU
		{67872B80-6234-4E3B-8B44-70E2B5947336}.Debug|Any CPU.ActiveCfg = Debug|Any CPU
		{67872B80-6234-4E3B-8B44-70E2B5947336}.Debug|Any CPU.Build.0 = Debug|Any CPU
		{67872B80-6234-4E3B-8B44-70E2B5947336}.Release|Any CPU.ActiveCfg = Release|Any CPU
		{67872B80-6234-4E3B-8B44-70E2B5947336}.Release|Any CPU.Build.0 = Release|Any CPU
		{DE134025-8337-454F-AD71-58DAF627B865}.Debug|Any CPU.ActiveCfg = Debug|Any CPU
		{DE134025-8337-454F-AD71-58DAF627B865}.Debug|Any CPU.Build.0 = Debug|Any CPU
		{DE134025-8337-454F-AD71-58DAF627B865}.Release|Any CPU.ActiveCfg = Release|Any CPU
		{DE134025-8337-454F-AD71-58DAF627B865}.Release|Any CPU.Build.0 = Release|Any CPU
		{9B34646D-A8A5-4931-B020-6264015D6B28}.Debug|Any CPU.ActiveCfg = Debug|Any CPU
		{9B34646D-A8A5-4931-B020-6264015D6B28}.Debug|Any CPU.Build.0 = Debug|Any CPU
		{9B34646D-A8A5-4931-B020-6264015D6B28}.Release|Any CPU.ActiveCfg = Release|Any CPU
		{9B34646D-A8A5-4931-B020-6264015D6B28}.Release|Any CPU.Build.0 = Release|Any CPU
		{37031552-C48A-4737-A9B2-6EDC6A898A20}.Debug|Any CPU.ActiveCfg = Debug|Any CPU
		{37031552-C48A-4737-A9B2-6EDC6A898A20}.Debug|Any CPU.Build.0 = Debug|Any CPU
		{37031552-C48A-4737-A9B2-6EDC6A898A20}.Release|Any CPU.ActiveCfg = Release|Any CPU
		{37031552-C48A-4737-A9B2-6EDC6A898A20}.Release|Any CPU.Build.0 = Release|Any CPU
		{417706DE-8BF6-43BC-B027-DF173A09CF94}.Debug|Any CPU.ActiveCfg = Debug|Any CPU
		{417706DE-8BF6-43BC-B027-DF173A09CF94}.Debug|Any CPU.Build.0 = Debug|Any CPU
		{417706DE-8BF6-43BC-B027-DF173A09CF94}.Release|Any CPU.ActiveCfg = Release|Any CPU
		{417706DE-8BF6-43BC-B027-DF173A09CF94}.Release|Any CPU.Build.0 = Release|Any CPU
		{68BB507A-09D7-4CE1-9E56-A735BA14C42F}.Debug|Any CPU.ActiveCfg = Debug|Any CPU
		{68BB507A-09D7-4CE1-9E56-A735BA14C42F}.Debug|Any CPU.Build.0 = Debug|Any CPU
		{68BB507A-09D7-4CE1-9E56-A735BA14C42F}.Release|Any CPU.ActiveCfg = Release|Any CPU
		{68BB507A-09D7-4CE1-9E56-A735BA14C42F}.Release|Any CPU.Build.0 = Release|Any CPU
		{7FE24F99-8804-4E37-9A10-0FDC132AAA44}.Debug|Any CPU.ActiveCfg = Debug|Any CPU
		{7FE24F99-8804-4E37-9A10-0FDC132AAA44}.Debug|Any CPU.Build.0 = Debug|Any CPU
		{7FE24F99-8804-4E37-9A10-0FDC132AAA44}.Release|Any CPU.ActiveCfg = Release|Any CPU
		{7FE24F99-8804-4E37-9A10-0FDC132AAA44}.Release|Any CPU.Build.0 = Release|Any CPU
		{60E32C62-B072-4BD5-A401-3398458C608E}.Debug|Any CPU.ActiveCfg = Debug|Any CPU
		{60E32C62-B072-4BD5-A401-3398458C608E}.Debug|Any CPU.Build.0 = Debug|Any CPU
		{60E32C62-B072-4BD5-A401-3398458C608E}.Release|Any CPU.ActiveCfg = Release|Any CPU
		{60E32C62-B072-4BD5-A401-3398458C608E}.Release|Any CPU.Build.0 = Release|Any CPU
		{1242AAF2-F8DF-4CDE-A4B9-F81343F98DB9}.Debug|Any CPU.ActiveCfg = Debug|Any CPU
		{1242AAF2-F8DF-4CDE-A4B9-F81343F98DB9}.Debug|Any CPU.Build.0 = Debug|Any CPU
		{1242AAF2-F8DF-4CDE-A4B9-F81343F98DB9}.Release|Any CPU.ActiveCfg = Release|Any CPU
		{1242AAF2-F8DF-4CDE-A4B9-F81343F98DB9}.Release|Any CPU.Build.0 = Release|Any CPU
		{5E4062BC-D86F-4FEC-9838-F416778AAC7E}.Debug|Any CPU.ActiveCfg = Debug|Any CPU
		{5E4062BC-D86F-4FEC-9838-F416778AAC7E}.Debug|Any CPU.Build.0 = Debug|Any CPU
		{5E4062BC-D86F-4FEC-9838-F416778AAC7E}.Release|Any CPU.ActiveCfg = Release|Any CPU
		{5E4062BC-D86F-4FEC-9838-F416778AAC7E}.Release|Any CPU.Build.0 = Release|Any CPU
		{BED9AC89-37BA-416A-A20E-A4A6E4AAB31D}.Debug|Any CPU.ActiveCfg = Debug|Any CPU
		{BED9AC89-37BA-416A-A20E-A4A6E4AAB31D}.Debug|Any CPU.Build.0 = Debug|Any CPU
		{BED9AC89-37BA-416A-A20E-A4A6E4AAB31D}.Release|Any CPU.ActiveCfg = Release|Any CPU
		{BED9AC89-37BA-416A-A20E-A4A6E4AAB31D}.Release|Any CPU.Build.0 = Release|Any CPU
		{CA4420E4-0CA0-4158-88BF-1C9E6DC1974D}.Debug|Any CPU.ActiveCfg = Debug|Any CPU
		{CA4420E4-0CA0-4158-88BF-1C9E6DC1974D}.Debug|Any CPU.Build.0 = Debug|Any CPU
		{CA4420E4-0CA0-4158-88BF-1C9E6DC1974D}.Release|Any CPU.ActiveCfg = Release|Any CPU
		{CA4420E4-0CA0-4158-88BF-1C9E6DC1974D}.Release|Any CPU.Build.0 = Release|Any CPU
		{76547001-B510-435F-927D-5D97C98028F0}.Debug|Any CPU.ActiveCfg = Debug|Any CPU
		{76547001-B510-435F-927D-5D97C98028F0}.Debug|Any CPU.Build.0 = Debug|Any CPU
		{76547001-B510-435F-927D-5D97C98028F0}.Release|Any CPU.ActiveCfg = Release|Any CPU
		{76547001-B510-435F-927D-5D97C98028F0}.Release|Any CPU.Build.0 = Release|Any CPU
		{9C0FE3B2-27C8-4EED-8C5C-BC487E865233}.Debug|Any CPU.ActiveCfg = Debug|Any CPU
		{9C0FE3B2-27C8-4EED-8C5C-BC487E865233}.Debug|Any CPU.Build.0 = Debug|Any CPU
		{9C0FE3B2-27C8-4EED-8C5C-BC487E865233}.Release|Any CPU.ActiveCfg = Release|Any CPU
		{9C0FE3B2-27C8-4EED-8C5C-BC487E865233}.Release|Any CPU.Build.0 = Release|Any CPU
		{5EE825FD-4082-496F-8622-C8B01A513D05}.Debug|Any CPU.ActiveCfg = Debug|Any CPU
		{5EE825FD-4082-496F-8622-C8B01A513D05}.Debug|Any CPU.Build.0 = Debug|Any CPU
		{5EE825FD-4082-496F-8622-C8B01A513D05}.Release|Any CPU.ActiveCfg = Release|Any CPU
		{5EE825FD-4082-496F-8622-C8B01A513D05}.Release|Any CPU.Build.0 = Release|Any CPU
		{6C7B2053-BCEE-434B-80ED-18F1000491A8}.Debug|Any CPU.ActiveCfg = Debug|Any CPU
		{6C7B2053-BCEE-434B-80ED-18F1000491A8}.Debug|Any CPU.Build.0 = Debug|Any CPU
		{6C7B2053-BCEE-434B-80ED-18F1000491A8}.Release|Any CPU.ActiveCfg = Release|Any CPU
		{6C7B2053-BCEE-434B-80ED-18F1000491A8}.Release|Any CPU.Build.0 = Release|Any CPU
		{8426E4BC-C638-4730-9805-D869EF8BA9CC}.Debug|Any CPU.ActiveCfg = Debug|Any CPU
		{8426E4BC-C638-4730-9805-D869EF8BA9CC}.Debug|Any CPU.Build.0 = Debug|Any CPU
		{8426E4BC-C638-4730-9805-D869EF8BA9CC}.Release|Any CPU.ActiveCfg = Release|Any CPU
		{8426E4BC-C638-4730-9805-D869EF8BA9CC}.Release|Any CPU.Build.0 = Release|Any CPU
		{BE72EA42-55AB-435E-B69B-4A084886DA74}.Debug|Any CPU.ActiveCfg = Debug|Any CPU
		{BE72EA42-55AB-435E-B69B-4A084886DA74}.Debug|Any CPU.Build.0 = Debug|Any CPU
		{BE72EA42-55AB-435E-B69B-4A084886DA74}.Release|Any CPU.ActiveCfg = Release|Any CPU
		{BE72EA42-55AB-435E-B69B-4A084886DA74}.Release|Any CPU.Build.0 = Release|Any CPU
		{4BD36FE2-82D3-4F5C-86D5-CC6B78AE5DF6}.Debug|Any CPU.ActiveCfg = Debug|Any CPU
		{4BD36FE2-82D3-4F5C-86D5-CC6B78AE5DF6}.Debug|Any CPU.Build.0 = Debug|Any CPU
		{4BD36FE2-82D3-4F5C-86D5-CC6B78AE5DF6}.Release|Any CPU.ActiveCfg = Release|Any CPU
		{4BD36FE2-82D3-4F5C-86D5-CC6B78AE5DF6}.Release|Any CPU.Build.0 = Release|Any CPU
		{73FBA64D-9019-4A6B-A5AE-4FEC2D102191}.Debug|Any CPU.ActiveCfg = Debug|Any CPU
		{73FBA64D-9019-4A6B-A5AE-4FEC2D102191}.Debug|Any CPU.Build.0 = Debug|Any CPU
		{73FBA64D-9019-4A6B-A5AE-4FEC2D102191}.Release|Any CPU.ActiveCfg = Release|Any CPU
		{73FBA64D-9019-4A6B-A5AE-4FEC2D102191}.Release|Any CPU.Build.0 = Release|Any CPU
		{9D40332F-6860-4B55-B92A-5B9BDBD22E3E}.Debug|Any CPU.ActiveCfg = Debug|Any CPU
		{9D40332F-6860-4B55-B92A-5B9BDBD22E3E}.Debug|Any CPU.Build.0 = Debug|Any CPU
		{9D40332F-6860-4B55-B92A-5B9BDBD22E3E}.Release|Any CPU.ActiveCfg = Release|Any CPU
		{9D40332F-6860-4B55-B92A-5B9BDBD22E3E}.Release|Any CPU.Build.0 = Release|Any CPU
		{16668F7E-461D-447C-8D1D-E6C533E48663}.Debug|Any CPU.ActiveCfg = Debug|Any CPU
		{16668F7E-461D-447C-8D1D-E6C533E48663}.Debug|Any CPU.Build.0 = Debug|Any CPU
		{16668F7E-461D-447C-8D1D-E6C533E48663}.Release|Any CPU.ActiveCfg = Release|Any CPU
		{16668F7E-461D-447C-8D1D-E6C533E48663}.Release|Any CPU.Build.0 = Release|Any CPU
		{1B55D98D-D5ED-47F6-8B47-564E24AF9545}.Debug|Any CPU.ActiveCfg = Debug|Any CPU
		{1B55D98D-D5ED-47F6-8B47-564E24AF9545}.Debug|Any CPU.Build.0 = Debug|Any CPU
		{1B55D98D-D5ED-47F6-8B47-564E24AF9545}.Release|Any CPU.ActiveCfg = Release|Any CPU
		{1B55D98D-D5ED-47F6-8B47-564E24AF9545}.Release|Any CPU.Build.0 = Release|Any CPU
		{7DA94338-02F0-4380-98F1-AC1216F2031F}.Debug|Any CPU.ActiveCfg = Debug|Any CPU
		{7DA94338-02F0-4380-98F1-AC1216F2031F}.Debug|Any CPU.Build.0 = Debug|Any CPU
		{7DA94338-02F0-4380-98F1-AC1216F2031F}.Release|Any CPU.ActiveCfg = Release|Any CPU
		{7DA94338-02F0-4380-98F1-AC1216F2031F}.Release|Any CPU.Build.0 = Release|Any CPU
	EndGlobalSection
	GlobalSection(SolutionProperties) = preSolution
		HideSolutionNode = FALSE
	EndGlobalSection
	GlobalSection(ExtensibilityGlobals) = postSolution
		SolutionGuid = {111129D2-888E-46D9-82B7-F4F03BE9BED2}
	EndGlobalSection
EndGlobal
